PODS:
  - FlutterMacOS (1.0.0)
  - hide_cursor (0.0.1):
    - FlutterMacOS

DEPENDENCIES:
  - FlutterMacOS (from `Flutter/ephemeral`)
  - hide_cursor (from `Flutter/ephemeral/.symlinks/plugins/hide_cursor/macos`)

EXTERNAL SOURCES:
  FlutterMacOS:
    :path: Flutter/ephemeral
  hide_cursor:
    :path: Flutter/ephemeral/.symlinks/plugins/hide_cursor/macos

SPEC CHECKSUMS:
  FlutterMacOS: 8f6f14fa908a6fb3fba0cd85dbd81ec4b251fb24
  hide_cursor: b2c315dcec23c14ece92fbbab9b9c0d33f3a603d

PODFILE CHECKSUM: 7eb978b976557c8c1cd717d8185ec483fd090a82

COCOAPODS: 1.16.2
